
Microsoft Visual Studio Solution File, Format Version 12.00
# Visual Studio Version 16
VisualStudioVersion = 16.0.30204.135
MinimumVisualStudioVersion = 15.0.26124.0
Project("{2150E333-8FDC-42A3-9474-1A3956D46DE8}") = "domain", "domain", "{8C9B6456-591A-4831-A54E-4F8A19F2B8A1}"
EndProject
Project("{9A19103F-16F7-4668-BE54-9A1E7A4F7556}") = "Store", "domain\Store\Store.csproj", "{E1352386-2FD0-41B1-870C-D4B8BBC98D52}"
EndProject
Project("{2150E333-8FDC-42A3-9474-1A3956D46DE8}") = "infrastructure", "infrastructure", "{3E4AF44B-9E56-455E-9990-C02BC27C928E}"
EndProject
Project("{9A19103F-16F7-4668-BE54-9A1E7A4F7556}") = "Store.Memory", "infrastructure\Store.Memory\Store.Memory.csproj", "{AD33113C-3F3F-497E-B341-004B97A658A3}"
EndProject
Project("{2150E333-8FDC-42A3-9474-1A3956D46DE8}") = "presentation", "presentation", "{7AC5941B-8ABB-4B87-9FDE-D8BE39CE5206}"
EndProject
Project("{9A19103F-16F7-4668-BE54-9A1E7A4F7556}") = "Store.Web", "presentation\Store.Web\Store.Web.csproj", "{17F9B215-319D-402D-990F-2080582E47EA}"
EndProject
Project("{9A19103F-16F7-4668-BE54-9A1E7A4F7556}") = "Store.Tests", "domain\Store.Tests\Store.Tests.csproj", "{992D4E98-03E6-447D-838D-AFB89F5B8D47}"
EndProject
Project("{9A19103F-16F7-4668-BE54-9A1E7A4F7556}") = "Store.Web.Contractors", "presentation\Store.Web.Contractors\Store.Web.Contractors.csproj", "{E3E7BE4C-F3AF-4A9A-9BF5-9F073C23F679}"
EndProject
Project("{2150E333-8FDC-42A3-9474-1A3956D46DE8}") = "plugins", "plugins", "{205C9E7B-626C-41EE-A85B-386B8CCB7E93}"
EndProject
Project("{9A19103F-16F7-4668-BE54-9A1E7A4F7556}") = "Store.YandexKassa", "plugins\Store.YandexKassa\Store.YandexKassa.csproj", "{2CB0E41D-02AC-47F0-B463-4E59B503D1EF}"
EndProject
Project("{2150E333-8FDC-42A3-9474-1A3956D46DE8}") = "application", "application", "{3CB137C3-77C5-4CE5-B0C8-74E3B8B32960}"
EndProject
Project("{FAE04EC0-301F-11D3-BF4B-00C04F79EFBC}") = "Store.Web.App", "application\Store.Web.App\Store.Web.App.csproj", "{5AAD5660-6270-43C9-8FE9-FF6FB662265E}"
EndProject
Global
	GlobalSection(SolutionConfigurationPlatforms) = preSolution
		Debug|Any CPU = Debug|Any CPU
		Debug|x64 = Debug|x64
		Debug|x86 = Debug|x86
		Release|Any CPU = Release|Any CPU
		Release|x64 = Release|x64
		Release|x86 = Release|x86
	EndGlobalSection
	GlobalSection(ProjectConfigurationPlatforms) = postSolution
		{E1352386-2FD0-41B1-870C-D4B8BBC98D52}.Debug|Any CPU.ActiveCfg = Debug|Any CPU
		{E1352386-2FD0-41B1-870C-D4B8BBC98D52}.Debug|Any CPU.Build.0 = Debug|Any CPU
		{E1352386-2FD0-41B1-870C-D4B8BBC98D52}.Debug|x64.ActiveCfg = Debug|Any CPU
		{E1352386-2FD0-41B1-870C-D4B8BBC98D52}.Debug|x64.Build.0 = Debug|Any CPU
		{E1352386-2FD0-41B1-870C-D4B8BBC98D52}.Debug|x86.ActiveCfg = Debug|Any CPU
		{E1352386-2FD0-41B1-870C-D4B8BBC98D52}.Debug|x86.Build.0 = Debug|Any CPU
		{E1352386-2FD0-41B1-870C-D4B8BBC98D52}.Release|Any CPU.ActiveCfg = Release|Any CPU
		{E1352386-2FD0-41B1-870C-D4B8BBC98D52}.Release|Any CPU.Build.0 = Release|Any CPU
		{E1352386-2FD0-41B1-870C-D4B8BBC98D52}.Release|x64.ActiveCfg = Release|Any CPU
		{E1352386-2FD0-41B1-870C-D4B8BBC98D52}.Release|x64.Build.0 = Release|Any CPU
		{E1352386-2FD0-41B1-870C-D4B8BBC98D52}.Release|x86.ActiveCfg = Release|Any CPU
		{E1352386-2FD0-41B1-870C-D4B8BBC98D52}.Release|x86.Build.0 = Release|Any CPU
		{AD33113C-3F3F-497E-B341-004B97A658A3}.Debug|Any CPU.ActiveCfg = Debug|Any CPU
		{AD33113C-3F3F-497E-B341-004B97A658A3}.Debug|Any CPU.Build.0 = Debug|Any CPU
		{AD33113C-3F3F-497E-B341-004B97A658A3}.Debug|x64.ActiveCfg = Debug|Any CPU
		{AD33113C-3F3F-497E-B341-004B97A658A3}.Debug|x64.Build.0 = Debug|Any CPU
		{AD33113C-3F3F-497E-B341-004B97A658A3}.Debug|x86.ActiveCfg = Debug|Any CPU
		{AD33113C-3F3F-497E-B341-004B97A658A3}.Debug|x86.Build.0 = Debug|Any CPU
		{AD33113C-3F3F-497E-B341-004B97A658A3}.Release|Any CPU.ActiveCfg = Release|Any CPU
		{AD33113C-3F3F-497E-B341-004B97A658A3}.Release|Any CPU.Build.0 = Release|Any CPU
		{AD33113C-3F3F-497E-B341-004B97A658A3}.Release|x64.ActiveCfg = Release|Any CPU
		{AD33113C-3F3F-497E-B341-004B97A658A3}.Release|x64.Build.0 = Release|Any CPU
		{AD33113C-3F3F-497E-B341-004B97A658A3}.Release|x86.ActiveCfg = Release|Any CPU
		{AD33113C-3F3F-497E-B341-004B97A658A3}.Release|x86.Build.0 = Release|Any CPU
		{17F9B215-319D-402D-990F-2080582E47EA}.Debug|Any CPU.ActiveCfg = Debug|Any CPU
		{17F9B215-319D-402D-990F-2080582E47EA}.Debug|Any CPU.Build.0 = Debug|Any CPU
		{17F9B215-319D-402D-990F-2080582E47EA}.Debug|x64.ActiveCfg = Debug|Any CPU
		{17F9B215-319D-402D-990F-2080582E47EA}.Debug|x64.Build.0 = Debug|Any CPU
		{17F9B215-319D-402D-990F-2080582E47EA}.Debug|x86.ActiveCfg = Debug|Any CPU
		{17F9B215-319D-402D-990F-2080582E47EA}.Debug|x86.Build.0 = Debug|Any CPU
		{17F9B215-319D-402D-990F-2080582E47EA}.Release|Any CPU.ActiveCfg = Release|Any CPU
		{17F9B215-319D-402D-990F-2080582E47EA}.Release|Any CPU.Build.0 = Release|Any CPU
		{17F9B215-319D-402D-990F-2080582E47EA}.Release|x64.ActiveCfg = Release|Any CPU
		{17F9B215-319D-402D-990F-2080582E47EA}.Release|x64.Build.0 = Release|Any CPU
		{17F9B215-319D-402D-990F-2080582E47EA}.Release|x86.ActiveCfg = Release|Any CPU
		{17F9B215-319D-402D-990F-2080582E47EA}.Release|x86.Build.0 = Release|Any CPU
		{992D4E98-03E6-447D-838D-AFB89F5B8D47}.Debug|Any CPU.ActiveCfg = Debug|Any CPU
		{992D4E98-03E6-447D-838D-AFB89F5B8D47}.Debug|Any CPU.Build.0 = Debug|Any CPU
		{992D4E98-03E6-447D-838D-AFB89F5B8D47}.Debug|x64.ActiveCfg = Debug|Any CPU
		{992D4E98-03E6-447D-838D-AFB89F5B8D47}.Debug|x64.Build.0 = Debug|Any CPU
		{992D4E98-03E6-447D-838D-AFB89F5B8D47}.Debug|x86.ActiveCfg = Debug|Any CPU
		{992D4E98-03E6-447D-838D-AFB89F5B8D47}.Debug|x86.Build.0 = Debug|Any CPU
		{992D4E98-03E6-447D-838D-AFB89F5B8D47}.Release|Any CPU.ActiveCfg = Release|Any CPU
		{992D4E98-03E6-447D-838D-AFB89F5B8D47}.Release|Any CPU.Build.0 = Release|Any CPU
		{992D4E98-03E6-447D-838D-AFB89F5B8D47}.Release|x64.ActiveCfg = Release|Any CPU
		{992D4E98-03E6-447D-838D-AFB89F5B8D47}.Release|x64.Build.0 = Release|Any CPU
		{992D4E98-03E6-447D-838D-AFB89F5B8D47}.Release|x86.ActiveCfg = Release|Any CPU
		{992D4E98-03E6-447D-838D-AFB89F5B8D47}.Release|x86.Build.0 = Release|Any CPU
		{E3E7BE4C-F3AF-4A9A-9BF5-9F073C23F679}.Debug|Any CPU.ActiveCfg = Debug|Any CPU
		{E3E7BE4C-F3AF-4A9A-9BF5-9F073C23F679}.Debug|Any CPU.Build.0 = Debug|Any CPU
		{E3E7BE4C-F3AF-4A9A-9BF5-9F073C23F679}.Debug|x64.ActiveCfg = Debug|Any CPU
		{E3E7BE4C-F3AF-4A9A-9BF5-9F073C23F679}.Debug|x64.Build.0 = Debug|Any CPU
		{E3E7BE4C-F3AF-4A9A-9BF5-9F073C23F679}.Debug|x86.ActiveCfg = Debug|Any CPU
		{E3E7BE4C-F3AF-4A9A-9BF5-9F073C23F679}.Debug|x86.Build.0 = Debug|Any CPU
		{E3E7BE4C-F3AF-4A9A-9BF5-9F073C23F679}.Release|Any CPU.ActiveCfg = Release|Any CPU
		{E3E7BE4C-F3AF-4A9A-9BF5-9F073C23F679}.Release|Any CPU.Build.0 = Release|Any CPU
		{E3E7BE4C-F3AF-4A9A-9BF5-9F073C23F679}.Release|x64.ActiveCfg = Release|Any CPU
		{E3E7BE4C-F3AF-4A9A-9BF5-9F073C23F679}.Release|x64.Build.0 = Release|Any CPU
		{E3E7BE4C-F3AF-4A9A-9BF5-9F073C23F679}.Release|x86.ActiveCfg = Release|Any CPU
		{E3E7BE4C-F3AF-4A9A-9BF5-9F073C23F679}.Release|x86.Build.0 = Release|Any CPU
		{2CB0E41D-02AC-47F0-B463-4E59B503D1EF}.Debug|Any CPU.ActiveCfg = Debug|Any CPU
		{2CB0E41D-02AC-47F0-B463-4E59B503D1EF}.Debug|Any CPU.Build.0 = Debug|Any CPU
		{2CB0E41D-02AC-47F0-B463-4E59B503D1EF}.Debug|x64.ActiveCfg = Debug|Any CPU
		{2CB0E41D-02AC-47F0-B463-4E59B503D1EF}.Debug|x64.Build.0 = Debug|Any CPU
		{2CB0E41D-02AC-47F0-B463-4E59B503D1EF}.Debug|x86.ActiveCfg = Debug|Any CPU
		{2CB0E41D-02AC-47F0-B463-4E59B503D1EF}.Debug|x86.Build.0 = Debug|Any CPU
		{2CB0E41D-02AC-47F0-B463-4E59B503D1EF}.Release|Any CPU.ActiveCfg = Release|Any CPU
		{2CB0E41D-02AC-47F0-B463-4E59B503D1EF}.Release|Any CPU.Build.0 = Release|Any CPU
		{2CB0E41D-02AC-47F0-B463-4E59B503D1EF}.Release|x64.ActiveCfg = Release|Any CPU
		{2CB0E41D-02AC-47F0-B463-4E59B503D1EF}.Release|x64.Build.0 = Release|Any CPU
		{2CB0E41D-02AC-47F0-B463-4E59B503D1EF}.Release|x86.ActiveCfg = Release|Any CPU
		{2CB0E41D-02AC-47F0-B463-4E59B503D1EF}.Release|x86.Build.0 = Release|Any CPU
		{5AAD5660-6270-43C9-8FE9-FF6FB662265E}.Debug|Any CPU.ActiveCfg = Debug|Any CPU
		{5AAD5660-6270-43C9-8FE9-FF6FB662265E}.Debug|Any CPU.Build.0 = Debug|Any CPU
		{5AAD5660-6270-43C9-8FE9-FF6FB662265E}.Debug|x64.ActiveCfg = Debug|Any CPU
		{5AAD5660-6270-43C9-8FE9-FF6FB662265E}.Debug|x64.Build.0 = Debug|Any CPU
		{5AAD5660-6270-43C9-8FE9-FF6FB662265E}.Debug|x86.ActiveCfg = Debug|Any CPU
		{5AAD5660-6270-43C9-8FE9-FF6FB662265E}.Debug|x86.Build.0 = Debug|Any CPU
		{5AAD5660-6270-43C9-8FE9-FF6FB662265E}.Release|Any CPU.ActiveCfg = Release|Any CPU
		{5AAD5660-6270-43C9-8FE9-FF6FB662265E}.Release|Any CPU.Build.0 = Release|Any CPU
		{5AAD5660-6270-43C9-8FE9-FF6FB662265E}.Release|x64.ActiveCfg = Release|Any CPU
		{5AAD5660-6270-43C9-8FE9-FF6FB662265E}.Release|x64.Build.0 = Release|Any CPU
		{5AAD5660-6270-43C9-8FE9-FF6FB662265E}.Release|x86.ActiveCfg = Release|Any CPU
		{5AAD5660-6270-43C9-8FE9-FF6FB662265E}.Release|x86.Build.0 = Release|Any CPU
	EndGlobalSection
	GlobalSection(SolutionProperties) = preSolution
		HideSolutionNode = FALSE
	EndGlobalSection
	GlobalSection(NestedProjects) = preSolution
		{E1352386-2FD0-41B1-870C-D4B8BBC98D52} = {8C9B6456-591A-4831-A54E-4F8A19F2B8A1}
		{AD33113C-3F3F-497E-B341-004B97A658A3} = {3E4AF44B-9E56-455E-9990-C02BC27C928E}
		{17F9B215-319D-402D-990F-2080582E47EA} = {7AC5941B-8ABB-4B87-9FDE-D8BE39CE5206}
		{992D4E98-03E6-447D-838D-AFB89F5B8D47} = {8C9B6456-591A-4831-A54E-4F8A19F2B8A1}
		{E3E7BE4C-F3AF-4A9A-9BF5-9F073C23F679} = {7AC5941B-8ABB-4B87-9FDE-D8BE39CE5206}
		{2CB0E41D-02AC-47F0-B463-4E59B503D1EF} = {205C9E7B-626C-41EE-A85B-386B8CCB7E93}
		{5AAD5660-6270-43C9-8FE9-FF6FB662265E} = {3CB137C3-77C5-4CE5-B0C8-74E3B8B32960}
	EndGlobalSection
	GlobalSection(ExtensibilityGlobals) = postSolution
		SolutionGuid = {9883CA67-431C-4145-A5BA-69302B1A6051}
	EndGlobalSection
EndGlobal
